// !$*UTF8*$!
{
	archiveVersion = 1;
	classes = {
	};
	objectVersion = 46;
	objects = {

/* Begin PBXBuildFile section */
		69EB30971C7D9CDF00A42EDB /* main.cpp in Sources */ = {isa = PBXBuildFile; fileRef = 69EB30961C7D9CDF00A42EDB /* main.cpp */; };
		69EB30B21C7DD74800A42EDB /* Scan.cpp in Sources */ = {isa = PBXBuildFile; fileRef = 69EB30B01C7DD74800A42EDB /* Scan.cpp */; };
		69EB30B51C7DD86100A42EDB /* Print.cpp in Sources */ = {isa = PBXBuildFile; fileRef = 69EB30B31C7DD86100A42EDB /* Print.cpp */; };
/* End PBXBuildFile section */

/* Begin PBXCopyFilesBuildPhase section */
		69EB30911C7D9CDF00A42EDB /* CopyFiles */ = {
			isa = PBXCopyFilesBuildPhase;
			buildActionMask = 2147483647;
			dstPath = /usr/share/man/man1/;
			dstSubfolderSpec = 0;
			files = (
			);
			runOnlyForDeploymentPostprocessing = 1;
		};
/* End PBXCopyFilesBuildPhase section */

/* Begin PBXFileReference section */
		69EB30931C7D9CDF00A42EDB /* Caculator */ = {isa = PBXFileReference; explicitFileType = "compiled.mach-o.executable"; includeInIndex = 0; path = Caculator; sourceTree = BUILT_PRODUCTS_DIR; };
		69EB30961C7D9CDF00A42EDB /* main.cpp */ = {isa = PBXFileReference; lastKnownFileType = sourcecode.cpp.cpp; path = main.cpp; sourceTree = "<group>"; };
		69EB30B01C7DD74800A42EDB /* Scan.cpp */ = {isa = PBXFileReference; fileEncoding = 4; lastKnownFileType = sourcecode.cpp.cpp; path = Scan.cpp; sourceTree = "<group>"; };
		69EB30B11C7DD74800A42EDB /* Scan.hpp */ = {isa = PBXFileReference; fileEncoding = 4; lastKnownFileType = sourcecode.cpp.h; path = Scan.hpp; sourceTree = "<group>"; };
		69EB30B31C7DD86100A42EDB /* Print.cpp */ = {isa = PBXFileReference; fileEncoding = 4; lastKnownFileType = sourcecode.cpp.cpp; path = Print.cpp; sourceTree = "<group>"; };
		69EB30B41C7DD86100A42EDB /* Print.hpp */ = {isa = PBXFileReference; fileEncoding = 4; lastKnownFileType = sourcecode.cpp.h; path = Print.hpp; sourceTree = "<group>"; };
/* End PBXFileReference section */

/* Begin PBXFrameworksBuildPhase section */
		69EB30901C7D9CDF00A42EDB /* Frameworks */ = {
			isa = PBXFrameworksBuildPhase;
			buildActionMask = 2147483647;
			files = (
			);
			runOnlyForDeploymentPostprocessing = 0;
		};
/* End PBXFrameworksBuildPhase section */

/* Begin PBXGroup section */
		69EB308A1C7D9CDF00A42EDB = {
			isa = PBXGroup;
			children = (
				69EB30951C7D9CDF00A42EDB /* Caculator */,
				69EB30941C7D9CDF00A42EDB /* Products */,
			);
			sourceTree = "<group>";
		};
		69EB30941C7D9CDF00A42EDB /* Products */ = {
			isa = PBXGroup;
			children = (
				69EB30931C7D9CDF00A42EDB /* Caculator */,
			);
			name = Products;
			sourceTree = "<group>";
		};
		69EB30951C7D9CDF00A42EDB /* Caculator */ = {
			isa = PBXGroup;
			children = (
				69EB30961C7D9CDF00A42EDB /* main.cpp */,
				69EB30B31C7DD86100A42EDB /* Print.cpp */,
				69EB30B41C7DD86100A42EDB /* Print.hpp */,
				69EB30B01C7DD74800A42EDB /* Scan.cpp */,
				69EB30B11C7DD74800A42EDB /* Scan.hpp */,
			);
			path = Caculator;
			sourceTree = "<group>";
		};
/* End PBXGroup section */

/* Begin PBXNativeTarget section */
		69EB30921C7D9CDF00A42EDB /* Caculator */ = {
			isa = PBXNativeTarget;
			buildConfigurationList = 69EB309A1C7D9CDF00A42EDB /* Build configuration list for PBXNativeTarget "Caculator" */;
			buildPhases = (
				69EB308F1C7D9CDF00A42EDB /* Sources */,
				69EB30901C7D9CDF00A42EDB /* Frameworks */,
				69EB30911C7D9CDF00A42EDB /* CopyFiles */,
			);
			buildRules = (
			);
			dependencies = (
			);
			name = Caculator;
			productName = Caculator;
			productReference = 69EB30931C7D9CDF00A42EDB /* Caculator */;
			productType = "com.apple.product-type.tool";
		};
/* End PBXNativeTarget section */

/* Begin PBXProject section */
		69EB308B1C7D9CDF00A42EDB /* Project object */ = {
			isa = PBXProject;
			attributes = {
				LastUpgradeCheck = 0710;
				ORGANIZATIONNAME = admin;
				TargetAttributes = {
					69EB30921C7D9CDF00A42EDB = {
						CreatedOnToolsVersion = 7.1;
					};
				};
			};
			buildConfigurationList = 69EB308E1C7D9CDF00A42EDB /* Build configuration list for PBXProject "Caculator" */;
			compatibilityVersion = "Xcode 3.2";
			developmentRegion = English;
			hasScannedForEncodings = 0;
			knownRegions = (
				en,
			);
			mainGroup = 69EB308A1C7D9CDF00A42EDB;
			productRefGroup = 69EB30941C7D9CDF00A42EDB /* Products */;
			projectDirPath = "";
			projectRoot = "";
			targets = (
				69EB30921C7D9CDF00A42EDB /* Caculator */,
			);
		};
/* End PBXProject section */

/* Begin PBXSourcesBuildPhase section */
		69EB308F1C7D9CDF00A42EDB /* Sources */ = {
			isa = PBXSourcesBuildPhase;
			buildActionMask = 2147483647;
			files = (
				69EB30B51C7DD86100A42EDB /* Print.cpp in Sources */,
				69EB30B21C7DD74800A42EDB /* Scan.cpp in Sources */,
				69EB30971C7D9CDF00A42EDB /* main.cpp in Sources */,
			);
			runOnlyForDeploymentPostprocessing = 0;
		};
/* End PBXSourcesBuildPhase section */

/* Begin XCBuildConfiguration section */
		69EB30981C7D9CDF00A42EDB /* Debug */ = {
			isa = XCBuildConfiguration;
			buildSettings = {
				ALWAYS_SEARCH_USER_PATHS = NO;
				CLANG_CXX_LANGUAGE_STANDARD = "gnu++0x";
				CLANG_CXX_LIBRARY = "libc++";
				CLANG_ENABLE_MODULES = YES;
				CLANG_ENABLE_OBJC_ARC = YES;
				CLANG_WARN_BOOL_CONVERSION = YES;
				CLANG_WARN_CONSTANT_CONVERSION = YES;
				CLANG_WARN_DIRECT_OBJC_ISA_USAGE = YES_ERROR;
				CLANG_WARN_EMPTY_BODY = YES;
				CLANG_WARN_ENUM_CONVERSION = YES;
				CLANG_WARN_INT_CONVERSION = YES;
				CLANG_WARN_OBJC_ROOT_CLASS = YES_ERROR;
				CLANG_WARN_UNREACHABLE_CODE = YES;
				CLANG_WARN__DUPLICATE_METHOD_MATCH = YES;
				CODE_SIGN_IDENTITY = "-";
				COPY_PHASE_STRIP = NO;
				DEBUG_INFORMATION_FORMAT = dwarf;
				ENABLE_STRICT_OBJC_MSGSEND = YES;
				ENABLE_TESTABILITY = YES;
				GCC_C_LANGUAGE_STANDARD = gnu99;
				GCC_DYNAMIC_NO_PIC = NO;
				GCC_NO_COMMON_BLOCKS = YES;
				GCC_OPTIMIZATION_LEVEL = 0;
				GCC_PREPROCESSOR_DEFINITIONS = (
					"DEBUG=1",
					"$(inherited)",
				);
				GCC_WARN_64_TO_32_BIT_CONVERSION = YES;
				GCC_WARN_ABOUT_RETURN_TYPE = YES_ERROR;
				GCC_WARN_UNDECLARED_SELECTOR = YES;
				GCC_WARN_UNINITIALIZED_AUTOS = YES_AGGRESSIVE;
				GCC_WARN_UNUSED_FUNCTION = YES;
				GCC_WARN_UNUSED_VARIABLE = YES;
				MACOSX_DEPLOYMENT_TARGET = 10.10;
				MTL_ENABLE_DEBUG_INFO = YES;
				ONLY_ACTIVE_ARCH = YES;
				SDKROOT = macosx;
			};
			name = Debug;
		};
		69EB30991C7D9CDF00A42EDB /* Release */ = {
			isa = XCBuildConfiguration;
			buildSettings = {
				ALWAYS_SEARCH_USER_PATHS = NO;
				CLANG_CXX_LANGUAGE_STANDARD = "gnu++0x";
				CLANG_CXX_LIBRARY = "libc++";
				CLANG_ENABLE_MODULES = YES;
				CLANG_ENABLE_OBJC_ARC = YES;
				CLANG_WARN_BOOL_CONVERSION = YES;
				CLANG_WARN_CONSTANT_CONVERSION = YES;
				CLANG_WARN_DIRECT_OBJC_ISA_USAGE = YES_ERROR;
				CLANG_WARN_EMPTY_BODY = YES;
				CLANG_WARN_ENUM_CONVERSION = YES;
				CLANG_WARN_INT_CONVERSION = YES;
				CLANG_WARN_OBJC_ROOT_CLASS = YES_ERROR;
				CLANG_WARN_UNREACHABLE_CODE = YES;
				CLANG_WARN__DUPLICATE_METHOD_MATCH = YES;
				CODE_SIGN_IDENTITY = "-";
				COPY_PHASE_STRIP = NO;
				DEBUG_INFORMATION_FORMAT = "dwarf-with-dsym";
				ENABLE_NS_ASSERTIONS = NO;
				ENABLE_STRICT_OBJC_MSGSEND = YES;
				GCC_C_LANGUAGE_STANDARD = gnu99;
				GCC_NO_COMMON_BLOCKS = YES;
				GCC_WARN_64_TO_32_BIT_CONVERSION = YES;
				GCC_WARN_ABOUT_RETURN_TYPE = YES_ERROR;
				GCC_WARN_UNDECLARED_SELECTOR = YES;
				GCC_WARN_UNINITIALIZED_AUTOS = YES_AGGRESSIVE;
				GCC_WARN_UNUSED_FUNCTION = YES;
				GCC_WARN_UNUSED_VARIABLE = YES;
				MACOSX_DEPLOYMENT_TARGET = 10.10;
				MTL_ENABLE_DEBUG_INFO = NO;
				SDKROOT = macosx;
			};
			name = Release;
		};
		69EB309B1C7D9CDF00A42EDB /* Debug */ = {
			isa = XCBuildConfiguration;
			buildSettings = {
				PRODUCT_NAME = "$(TARGET_NAME)";
			};
			name = Debug;
		};
		69EB309C1C7D9CDF00A42EDB /* Release */ = {
			isa = XCBuildConfiguration;
			buildSettings = {
				PRODUCT_NAME = "$(TARGET_NAME)";
			};
			name = Release;
		};
/* End XCBuildConfiguration section */

/* Begin XCConfigurationList section */
		69EB308E1C7D9CDF00A42EDB /* Build configuration list for PBXProject "Caculator" */ = {
			isa = XCConfigurationList;
			buildConfigurations = (
				69EB30981C7D9CDF00A42EDB /* Debug */,
				69EB30991C7D9CDF00A42EDB /* Release */,
			);
			defaultConfigurationIsVisible = 0;
			defaultConfigurationName = Release;
		};
		69EB309A1C7D9CDF00A42EDB /* Build configuration list for PBXNativeTarget "Caculator" */ = {
			isa = XCConfigurationList;
			buildConfigurations = (
				69EB309B1C7D9CDF00A42EDB /* Debug */,
				69EB309C1C7D9CDF00A42EDB /* Release */,
			);
			defaultConfigurationIsVisible = 0;
		};
/* End XCConfigurationList section */
	};
	rootObject = 69EB308B1C7D9CDF00A42EDB /* Project object */;
}
