// !$*UTF8*$!
{
	archiveVersion = 1;
	classes = {
	};
	objectVersion = 46;
	objects = {

/* Begin PBXBuildFile section */
		696B62DE1CDB68EC005C419D /* main.cpp in Sources */ = {isa = PBXBuildFile; fileRef = 696B62DD1CDB68EC005C419D /* main.cpp */; };
		696B62E61CDB8FE7005C419D /* circle.cpp in Sources */ = {isa = PBXBuildFile; fileRef = 696B62E41CDB8FE7005C419D /* circle.cpp */; };
/* End PBXBuildFile section */

/* Begin PBXCopyFilesBuildPhase section */
		696B62D81CDB68EC005C419D /* CopyFiles */ = {
			isa = PBXCopyFilesBuildPhase;
			buildActionMask = 2147483647;
			dstPath = /usr/share/man/man1/;
			dstSubfolderSpec = 0;
			files = (
			);
			runOnlyForDeploymentPostprocessing = 1;
		};
/* End PBXCopyFilesBuildPhase section */

/* Begin PBXFileReference section */
		696B62DA1CDB68EC005C419D /* homework 1 */ = {isa = PBXFileReference; explicitFileType = "compiled.mach-o.executable"; includeInIndex = 0; path = "homework 1"; sourceTree = BUILT_PRODUCTS_DIR; };
		696B62DD1CDB68EC005C419D /* main.cpp */ = {isa = PBXFileReference; lastKnownFileType = sourcecode.cpp.cpp; path = main.cpp; sourceTree = "<group>"; };
		696B62E41CDB8FE7005C419D /* circle.cpp */ = {isa = PBXFileReference; fileEncoding = 4; lastKnownFileType = sourcecode.cpp.cpp; path = circle.cpp; sourceTree = "<group>"; };
		696B62E51CDB8FE7005C419D /* circle.hpp */ = {isa = PBXFileReference; fileEncoding = 4; lastKnownFileType = sourcecode.cpp.h; path = circle.hpp; sourceTree = "<group>"; };
/* End PBXFileReference section */

/* Begin PBXFrameworksBuildPhase section */
		696B62D71CDB68EC005C419D /* Frameworks */ = {
			isa = PBXFrameworksBuildPhase;
			buildActionMask = 2147483647;
			files = (
			);
			runOnlyForDeploymentPostprocessing = 0;
		};
/* End PBXFrameworksBuildPhase section */

/* Begin PBXGroup section */
		696B62D11CDB68EC005C419D = {
			isa = PBXGroup;
			children = (
				696B62DC1CDB68EC005C419D /* homework 1 */,
				696B62DB1CDB68EC005C419D /* Products */,
			);
			sourceTree = "<group>";
		};
		696B62DB1CDB68EC005C419D /* Products */ = {
			isa = PBXGroup;
			children = (
				696B62DA1CDB68EC005C419D /* homework 1 */,
			);
			name = Products;
			sourceTree = "<group>";
		};
		696B62DC1CDB68EC005C419D /* homework 1 */ = {
			isa = PBXGroup;
			children = (
				696B62DD1CDB68EC005C419D /* main.cpp */,
				696B62E41CDB8FE7005C419D /* circle.cpp */,
				696B62E51CDB8FE7005C419D /* circle.hpp */,
			);
			path = "homework 1";
			sourceTree = "<group>";
		};
/* End PBXGroup section */

/* Begin PBXNativeTarget section */
		696B62D91CDB68EC005C419D /* homework 1 */ = {
			isa = PBXNativeTarget;
			buildConfigurationList = 696B62E11CDB68EC005C419D /* Build configuration list for PBXNativeTarget "homework 1" */;
			buildPhases = (
				696B62D61CDB68EC005C419D /* Sources */,
				696B62D71CDB68EC005C419D /* Frameworks */,
				696B62D81CDB68EC005C419D /* CopyFiles */,
			);
			buildRules = (
			);
			dependencies = (
			);
			name = "homework 1";
			productName = "homework 1";
			productReference = 696B62DA1CDB68EC005C419D /* homework 1 */;
			productType = "com.apple.product-type.tool";
		};
/* End PBXNativeTarget section */

/* Begin PBXProject section */
		696B62D21CDB68EC005C419D /* Project object */ = {
			isa = PBXProject;
			attributes = {
				LastUpgradeCheck = 0710;
				ORGANIZATIONNAME = admin;
				TargetAttributes = {
					696B62D91CDB68EC005C419D = {
						CreatedOnToolsVersion = 7.1;
					};
				};
			};
			buildConfigurationList = 696B62D51CDB68EC005C419D /* Build configuration list for PBXProject "homework 1" */;
			compatibilityVersion = "Xcode 3.2";
			developmentRegion = English;
			hasScannedForEncodings = 0;
			knownRegions = (
				en,
			);
			mainGroup = 696B62D11CDB68EC005C419D;
			productRefGroup = 696B62DB1CDB68EC005C419D /* Products */;
			projectDirPath = "";
			projectRoot = "";
			targets = (
				696B62D91CDB68EC005C419D /* homework 1 */,
			);
		};
/* End PBXProject section */

/* Begin PBXSourcesBuildPhase section */
		696B62D61CDB68EC005C419D /* Sources */ = {
			isa = PBXSourcesBuildPhase;
			buildActionMask = 2147483647;
			files = (
				696B62DE1CDB68EC005C419D /* main.cpp in Sources */,
				696B62E61CDB8FE7005C419D /* circle.cpp in Sources */,
			);
			runOnlyForDeploymentPostprocessing = 0;
		};
/* End PBXSourcesBuildPhase section */

/* Begin XCBuildConfiguration section */
		696B62DF1CDB68EC005C419D /* Debug */ = {
			isa = XCBuildConfiguration;
			buildSettings = {
				ALWAYS_SEARCH_USER_PATHS = NO;
				CLANG_CXX_LANGUAGE_STANDARD = "gnu++0x";
				CLANG_CXX_LIBRARY = "libc++";
				CLANG_ENABLE_MODULES = YES;
				CLANG_ENABLE_OBJC_ARC = YES;
				CLANG_WARN_BOOL_CONVERSION = YES;
				CLANG_WARN_CONSTANT_CONVERSION = YES;
				CLANG_WARN_DIRECT_OBJC_ISA_USAGE = YES_ERROR;
				CLANG_WARN_EMPTY_BODY = YES;
				CLANG_WARN_ENUM_CONVERSION = YES;
				CLANG_WARN_INT_CONVERSION = YES;
				CLANG_WARN_OBJC_ROOT_CLASS = YES_ERROR;
				CLANG_WARN_UNREACHABLE_CODE = YES;
				CLANG_WARN__DUPLICATE_METHOD_MATCH = YES;
				CODE_SIGN_IDENTITY = "-";
				COPY_PHASE_STRIP = NO;
				DEBUG_INFORMATION_FORMAT = dwarf;
				ENABLE_STRICT_OBJC_MSGSEND = YES;
				ENABLE_TESTABILITY = YES;
				GCC_C_LANGUAGE_STANDARD = gnu99;
				GCC_DYNAMIC_NO_PIC = NO;
				GCC_NO_COMMON_BLOCKS = YES;
				GCC_OPTIMIZATION_LEVEL = 0;
				GCC_PREPROCESSOR_DEFINITIONS = (
					"DEBUG=1",
					"$(inherited)",
				);
				GCC_WARN_64_TO_32_BIT_CONVERSION = YES;
				GCC_WARN_ABOUT_RETURN_TYPE = YES_ERROR;
				GCC_WARN_UNDECLARED_SELECTOR = YES;
				GCC_WARN_UNINITIALIZED_AUTOS = YES_AGGRESSIVE;
				GCC_WARN_UNUSED_FUNCTION = YES;
				GCC_WARN_UNUSED_VARIABLE = YES;
				MACOSX_DEPLOYMENT_TARGET = 10.10;
				MTL_ENABLE_DEBUG_INFO = YES;
				ONLY_ACTIVE_ARCH = YES;
				SDKROOT = macosx;
			};
			name = Debug;
		};
		696B62E01CDB68EC005C419D /* Release */ = {
			isa = XCBuildConfiguration;
			buildSettings = {
				ALWAYS_SEARCH_USER_PATHS = NO;
				CLANG_CXX_LANGUAGE_STANDARD = "gnu++0x";
				CLANG_CXX_LIBRARY = "libc++";
				CLANG_ENABLE_MODULES = YES;
				CLANG_ENABLE_OBJC_ARC = YES;
				CLANG_WARN_BOOL_CONVERSION = YES;
				CLANG_WARN_CONSTANT_CONVERSION = YES;
				CLANG_WARN_DIRECT_OBJC_ISA_USAGE = YES_ERROR;
				CLANG_WARN_EMPTY_BODY = YES;
				CLANG_WARN_ENUM_CONVERSION = YES;
				CLANG_WARN_INT_CONVERSION = YES;
				CLANG_WARN_OBJC_ROOT_CLASS = YES_ERROR;
				CLANG_WARN_UNREACHABLE_CODE = YES;
				CLANG_WARN__DUPLICATE_METHOD_MATCH = YES;
				CODE_SIGN_IDENTITY = "-";
				COPY_PHASE_STRIP = NO;
				DEBUG_INFORMATION_FORMAT = "dwarf-with-dsym";
				ENABLE_NS_ASSERTIONS = NO;
				ENABLE_STRICT_OBJC_MSGSEND = YES;
				GCC_C_LANGUAGE_STANDARD = gnu99;
				GCC_NO_COMMON_BLOCKS = YES;
				GCC_WARN_64_TO_32_BIT_CONVERSION = YES;
				GCC_WARN_ABOUT_RETURN_TYPE = YES_ERROR;
				GCC_WARN_UNDECLARED_SELECTOR = YES;
				GCC_WARN_UNINITIALIZED_AUTOS = YES_AGGRESSIVE;
				GCC_WARN_UNUSED_FUNCTION = YES;
				GCC_WARN_UNUSED_VARIABLE = YES;
				MACOSX_DEPLOYMENT_TARGET = 10.10;
				MTL_ENABLE_DEBUG_INFO = NO;
				SDKROOT = macosx;
			};
			name = Release;
		};
		696B62E21CDB68EC005C419D /* Debug */ = {
			isa = XCBuildConfiguration;
			buildSettings = {
				PRODUCT_NAME = "$(TARGET_NAME)";
			};
			name = Debug;
		};
		696B62E31CDB68EC005C419D /* Release */ = {
			isa = XCBuildConfiguration;
			buildSettings = {
				PRODUCT_NAME = "$(TARGET_NAME)";
			};
			name = Release;
		};
/* End XCBuildConfiguration section */

/* Begin XCConfigurationList section */
		696B62D51CDB68EC005C419D /* Build configuration list for PBXProject "homework 1" */ = {
			isa = XCConfigurationList;
			buildConfigurations = (
				696B62DF1CDB68EC005C419D /* Debug */,
				696B62E01CDB68EC005C419D /* Release */,
			);
			defaultConfigurationIsVisible = 0;
			defaultConfigurationName = Release;
		};
		696B62E11CDB68EC005C419D /* Build configuration list for PBXNativeTarget "homework 1" */ = {
			isa = XCConfigurationList;
			buildConfigurations = (
				696B62E21CDB68EC005C419D /* Debug */,
				696B62E31CDB68EC005C419D /* Release */,
			);
			defaultConfigurationIsVisible = 0;
		};
/* End XCConfigurationList section */
	};
	rootObject = 696B62D21CDB68EC005C419D /* Project object */;
}
